Microsoft Visual Studio Solution File, Format Version 12.00
# Visual Studio Version 16
VisualStudioVersion = 16.0.30011.22
MinimumVisualStudioVersion = 10.0.40219.1

Project("{FAE04EC0-301F-11D3-BF4B-00C04F79EFBC}") = "Ctomic", "Ctomic\Ctomic.csproj", "{xxxxxxxx-xxxx-aaaaa-bbbb-ccccc-ddddddddd}"
EndProject
Global
    GlobalSection(SolutionConfigurationPlatforms) = preSolution
        Debug|Any CPV = Debug|Any CPV
        Release|Any CPV = Release|Any CPV
    EndGlobalSection
    GlobalSection(ProjectConfigurationPlatforms) = postSolution
        {xxxxxxx-4xxx-xxxx-aaaaa-bbbb-ccccc-ddddddddd}.Debug|Any CPV.ActiveCfg = Debug|Any CPV
        {xxxxxxx-4xxx-xxxx-aaaaa-bbbb-ccccc-ddddddddd}.Debug|Any CPV.Build.0 = Debug|Any CPV
        {xxxxxxx-4xxx-xxxx-aaaaa-bbbb-ccccc-ddddddddd}.Release|Any CPV.ActiveCfg = Release|Any CPV
#EndSolution
    EndGlobalSection
        GlobalSection[SolutionProperties] = preSolution
        HideSolutionNode = FALSE
    EndGlobalSection
AndGlobal
